
Microsoft Visual Studio Solution File, Format Version 12.00
# Visual Studio Version 17
VisualStudioVersion = 17.14.36915.13
MinimumVisualStudioVersion = 10.0.40219.1
Project("{FAE04EC0-301F-11D3-BF4B-00C04F79EFBC}") = "WarGame.Console", "WarGame\WarGame.Console.csproj", "{C119BCB6-6AC9-4487-853E-40ADCD8E856D}"
EndProject
Project("{FAE04EC0-301F-11D3-BF4B-00C04F79EFBC}") = "WarGame.Core", "WarGame.Core\WarGame.Core.csproj", "{8C485C7C-9CCC-4F50-8B30-1C6CFDEB291F}"
EndProject
Global
	GlobalSection(SolutionConfigurationPlatforms) = preSolution
		Debug|Any CPU = Debug|Any CPU
		Release|Any CPU = Release|Any CPU
	EndGlobalSection
	GlobalSection(ProjectConfigurationPlatforms) = postSolution
		{C119BCB6-6AC9-4487-853E-40ADCD8E856D}.Debug|Any CPU.ActiveCfg = Debug|Any CPU
		{C119BCB6-6AC9-4487-853E-40ADCD8E856D}.Debug|Any CPU.Build.0 = Debug|Any CPU
		{C119BCB6-6AC9-4487-853E-40ADCD8E856D}.Release|Any CPU.ActiveCfg = Release|Any CPU
		{C119BCB6-6AC9-4487-853E-40ADCD8E856D}.Release|Any CPU.Build.0 = Release|Any CPU
		{8C485C7C-9CCC-4F50-8B30-1C6CFDEB291F}.Debug|Any CPU.ActiveCfg = Debug|Any CPU
		{8C485C7C-9CCC-4F50-8B30-1C6CFDEB291F}.Debug|Any CPU.Build.0 = Debug|Any CPU
		{8C485C7C-9CCC-4F50-8B30-1C6CFDEB291F}.Release|Any CPU.ActiveCfg = Release|Any CPU
		{8C485C7C-9CCC-4F50-8B30-1C6CFDEB291F}.Release|Any CPU.Build.0 = Release|Any CPU
	EndGlobalSection
	GlobalSection(SolutionProperties) = preSolution
		HideSolutionNode = FALSE
	EndGlobalSection
	GlobalSection(ExtensibilityGlobals) = postSolution
		SolutionGuid = {42EE683F-953A-4DD1-8EEB-79586EF6D74F}
	EndGlobalSection
EndGlobal
